
Microsoft Visual Studio Solution File, Format Version 12.00
# Visual Studio Version 17
VisualStudioVersion = 17.7.34031.279
MinimumVisualStudioVersion = 10.0.40219.1
Project("{FAE04EC0-301F-11D3-BF4B-00C04F79EFBC}") = "MyUDPServer", "MyUDPServer.csproj", "{BFF0BFAD-6FC9-4DAB-8AF3-A5BB352A447E}"
EndProject
Project("{FAE04EC0-301F-11D3-BF4B-00C04F79EFBC}") = "MyUDPClient", "..\ConsoleApp01S02\MyUDPClient.csproj", "{37F3A4C8-3CF6-42DF-9507-F2D2B56A2ACE}"
EndProject
Global
	GlobalSection(SolutionConfigurationPlatforms) = preSolution
		Debug|Any CPU = Debug|Any CPU
		Release|Any CPU = Release|Any CPU
	EndGlobalSection
	GlobalSection(ProjectConfigurationPlatforms) = postSolution
		{BFF0BFAD-6FC9-4DAB-8AF3-A5BB352A447E}.Debug|Any CPU.ActiveCfg = Debug|Any CPU
		{BFF0BFAD-6FC9-4DAB-8AF3-A5BB352A447E}.Debug|Any CPU.Build.0 = Debug|Any CPU
		{BFF0BFAD-6FC9-4DAB-8AF3-A5BB352A447E}.Release|Any CPU.ActiveCfg = Release|Any CPU
		{BFF0BFAD-6FC9-4DAB-8AF3-A5BB352A447E}.Release|Any CPU.Build.0 = Release|Any CPU
		{37F3A4C8-3CF6-42DF-9507-F2D2B56A2ACE}.Debug|Any CPU.ActiveCfg = Debug|Any CPU
		{37F3A4C8-3CF6-42DF-9507-F2D2B56A2ACE}.Debug|Any CPU.Build.0 = Debug|Any CPU
		{37F3A4C8-3CF6-42DF-9507-F2D2B56A2ACE}.Release|Any CPU.ActiveCfg = Release|Any CPU
		{37F3A4C8-3CF6-42DF-9507-F2D2B56A2ACE}.Release|Any CPU.Build.0 = Release|Any CPU
	EndGlobalSection
	GlobalSection(SolutionProperties) = preSolution
		HideSolutionNode = FALSE
	EndGlobalSection
	GlobalSection(ExtensibilityGlobals) = postSolution
		SolutionGuid = {2523501C-79AE-4F0A-B7D3-FD8D098E455F}
	EndGlobalSection
EndGlobal
