
Microsoft Visual Studio Solution File, Format Version 12.00
# Visual Studio Version 17
VisualStudioVersion = 17.7.34031.279
MinimumVisualStudioVersion = 10.0.40219.1
Project("{FAE04EC0-301F-11D3-BF4B-00C04F79EFBC}") = "UDPServer", "UDPServer.csproj", "{1D949699-CCCD-4122-9387-C08A80002997}"
EndProject
Project("{FAE04EC0-301F-11D3-BF4B-00C04F79EFBC}") = "UDPClient", "..\ConsoleApp04HW_02\UDPClient.csproj", "{D2EBEDFF-1DDA-429F-AD15-C401A24779EE}"
EndProject
Global
	GlobalSection(SolutionConfigurationPlatforms) = preSolution
		Debug|Any CPU = Debug|Any CPU
		Release|Any CPU = Release|Any CPU
	EndGlobalSection
	GlobalSection(ProjectConfigurationPlatforms) = postSolution
		{1D949699-CCCD-4122-9387-C08A80002997}.Debug|Any CPU.ActiveCfg = Debug|Any CPU
		{1D949699-CCCD-4122-9387-C08A80002997}.Debug|Any CPU.Build.0 = Debug|Any CPU
		{1D949699-CCCD-4122-9387-C08A80002997}.Release|Any CPU.ActiveCfg = Release|Any CPU
		{1D949699-CCCD-4122-9387-C08A80002997}.Release|Any CPU.Build.0 = Release|Any CPU
		{D2EBEDFF-1DDA-429F-AD15-C401A24779EE}.Debug|Any CPU.ActiveCfg = Debug|Any CPU
		{D2EBEDFF-1DDA-429F-AD15-C401A24779EE}.Debug|Any CPU.Build.0 = Debug|Any CPU
		{D2EBEDFF-1DDA-429F-AD15-C401A24779EE}.Release|Any CPU.ActiveCfg = Release|Any CPU
		{D2EBEDFF-1DDA-429F-AD15-C401A24779EE}.Release|Any CPU.Build.0 = Release|Any CPU
	EndGlobalSection
	GlobalSection(SolutionProperties) = preSolution
		HideSolutionNode = FALSE
	EndGlobalSection
	GlobalSection(ExtensibilityGlobals) = postSolution
		SolutionGuid = {D28EF80E-0C79-4E6C-A50A-E1B49061B91D}
	EndGlobalSection
EndGlobal
