
Microsoft Visual Studio Solution File, Format Version 12.00
# Visual Studio Version 17
VisualStudioVersion = 17.7.34031.279
MinimumVisualStudioVersion = 10.0.40219.1
Project("{FAE04EC0-301F-11D3-BF4B-00C04F79EFBC}") = "MyUDPClient", "MyUDPClient.csproj", "{38CB0C35-3C04-451F-83E6-71DD11D54EF9}"
EndProject
Project("{FAE04EC0-301F-11D3-BF4B-00C04F79EFBC}") = "MyUDPServer", "..\ConsoleApp01L_HW02\MyUDPServer.csproj", "{AAAF4A08-8A52-4110-9943-CD0116F4E6C7}"
EndProject
Global
	GlobalSection(SolutionConfigurationPlatforms) = preSolution
		Debug|Any CPU = Debug|Any CPU
		Release|Any CPU = Release|Any CPU
	EndGlobalSection
	GlobalSection(ProjectConfigurationPlatforms) = postSolution
		{38CB0C35-3C04-451F-83E6-71DD11D54EF9}.Debug|Any CPU.ActiveCfg = Debug|Any CPU
		{38CB0C35-3C04-451F-83E6-71DD11D54EF9}.Debug|Any CPU.Build.0 = Debug|Any CPU
		{38CB0C35-3C04-451F-83E6-71DD11D54EF9}.Release|Any CPU.ActiveCfg = Release|Any CPU
		{38CB0C35-3C04-451F-83E6-71DD11D54EF9}.Release|Any CPU.Build.0 = Release|Any CPU
		{AAAF4A08-8A52-4110-9943-CD0116F4E6C7}.Debug|Any CPU.ActiveCfg = Debug|Any CPU
		{AAAF4A08-8A52-4110-9943-CD0116F4E6C7}.Debug|Any CPU.Build.0 = Debug|Any CPU
		{AAAF4A08-8A52-4110-9943-CD0116F4E6C7}.Release|Any CPU.ActiveCfg = Release|Any CPU
		{AAAF4A08-8A52-4110-9943-CD0116F4E6C7}.Release|Any CPU.Build.0 = Release|Any CPU
	EndGlobalSection
	GlobalSection(SolutionProperties) = preSolution
		HideSolutionNode = FALSE
	EndGlobalSection
	GlobalSection(ExtensibilityGlobals) = postSolution
		SolutionGuid = {DBC71436-B24F-4ECE-A430-2E15C60AB093}
	EndGlobalSection
EndGlobal
